// !$*UTF8*$!
{
	archiveVersion = 1;
	classes = {
	};
	objectVersion = 56;
	objects = {

/* Begin PBXBuildFile section */
		1EA4117B29938532008C48D3 /* AppDelegate.swift in Sources */ = {isa = PBXBuildFile; fileRef = 1EA4117A29938532008C48D3 /* AppDelegate.swift */; };
		1EA4117D29938532008C48D3 /* SceneDelegate.swift in Sources */ = {isa = PBXBuildFile; fileRef = 1EA4117C29938532008C48D3 /* SceneDelegate.swift */; };
		1EA4118429938534008C48D3 /* Assets.xcassets in Resources */ = {isa = PBXBuildFile; fileRef = 1EA4118329938534008C48D3 /* Assets.xcassets */; };
		1EA4118729938534008C48D3 /* LaunchScreen.storyboard in Resources */ = {isa = PBXBuildFile; fileRef = 1EA4118529938534008C48D3 /* LaunchScreen.storyboard */; };
		1EA4118F299385E2008C48D3 /* .gitignore in Resources */ = {isa = PBXBuildFile; fileRef = 1EA4118E299385E2008C48D3 /* .gitignore */; };
		1EA411922993877E008C48D3 /* .swiftlint.yml in Resources */ = {isa = PBXBuildFile; fileRef = 1EA411912993877E008C48D3 /* .swiftlint.yml */; };
		1EA41195299389D9008C48D3 /* MainCoordinator.swift in Sources */ = {isa = PBXBuildFile; fileRef = 1EA41194299389D9008C48D3 /* MainCoordinator.swift */; };
		1EA4119829939769008C48D3 /* MainViewController.swift in Sources */ = {isa = PBXBuildFile; fileRef = 1EA4119729939769008C48D3 /* MainViewController.swift */; };
		1EA4119C299397C6008C48D3 /* BaseViewController.swift in Sources */ = {isa = PBXBuildFile; fileRef = 1EA4119B299397C6008C48D3 /* BaseViewController.swift */; };
		1EA4119F299397DF008C48D3 /* RxCocoa in Frameworks */ = {isa = PBXBuildFile; productRef = 1EA4119E299397DF008C48D3 /* RxCocoa */; };
		1EA411A1299397DF008C48D3 /* RxSwift in Frameworks */ = {isa = PBXBuildFile; productRef = 1EA411A0299397DF008C48D3 /* RxSwift */; };
		1EA411A329939A04008C48D3 /* BaseView.swift in Sources */ = {isa = PBXBuildFile; fileRef = 1EA411A229939A04008C48D3 /* BaseView.swift */; };
		1EA411AB2993A691008C48D3 /* SnapKit in Frameworks */ = {isa = PBXBuildFile; productRef = 1EA411AA2993A691008C48D3 /* SnapKit */; };
		1EA411AE2993A69E008C48D3 /* Then in Frameworks */ = {isa = PBXBuildFile; productRef = 1EA411AD2993A69E008C48D3 /* Then */; };
		1EA411B12993A6B2008C48D3 /* Alamofire in Frameworks */ = {isa = PBXBuildFile; productRef = 1EA411B02993A6B2008C48D3 /* Alamofire */; };
		1EA411B72993ADAF008C48D3 /* APIKey.swift in Sources */ = {isa = PBXBuildFile; fileRef = 1EA411B62993ADAF008C48D3 /* APIKey.swift */; };
		1EA411BC2993B787008C48D3 /* PhotoSearchRequestDTO.swift in Sources */ = {isa = PBXBuildFile; fileRef = 1EA411BB2993B787008C48D3 /* PhotoSearchRequestDTO.swift */; };
		1EA411BF2994B368008C48D3 /* UnsplashService.swift in Sources */ = {isa = PBXBuildFile; fileRef = 1EA411BE2994B368008C48D3 /* UnsplashService.swift */; };
		1EA411C12994BF61008C48D3 /* NetworkError.swift in Sources */ = {isa = PBXBuildFile; fileRef = 1EA411C02994BF61008C48D3 /* NetworkError.swift */; };
		1EA411C729954AD4008C48D3 /* Photo.swift in Sources */ = {isa = PBXBuildFile; fileRef = 1EA411C629954AD4008C48D3 /* Photo.swift */; };
		1EA411C929954FF7008C48D3 /* URLPath.swift in Sources */ = {isa = PBXBuildFile; fileRef = 1EA411C829954FF7008C48D3 /* URLPath.swift */; };
		1EA411CB29955250008C48D3 /* PhotoSearchResponseDTO.swift in Sources */ = {isa = PBXBuildFile; fileRef = 1EA411CA29955250008C48D3 /* PhotoSearchResponseDTO.swift */; };
		1EA411CD299557E2008C48D3 /* PhotoList.swift in Sources */ = {isa = PBXBuildFile; fileRef = 1EA411CC299557E2008C48D3 /* PhotoList.swift */; };
		1EA411D2299563A5008C48D3 /* PhotoSearchViewModel.swift in Sources */ = {isa = PBXBuildFile; fileRef = 1EA411D1299563A5008C48D3 /* PhotoSearchViewModel.swift */; };
		1EA411D72997B3B3008C48D3 /* PhotoListViewModel.swift in Sources */ = {isa = PBXBuildFile; fileRef = 1EA411D62997B3B3008C48D3 /* PhotoListViewModel.swift */; };
		1EA411D92997B81C008C48D3 /* URLs.swift in Sources */ = {isa = PBXBuildFile; fileRef = 1EA411D82997B81C008C48D3 /* URLs.swift */; };
		1EA411DC2997C042008C48D3 /* PhotoListRequestDTO.swift in Sources */ = {isa = PBXBuildFile; fileRef = 1EA411DB2997C042008C48D3 /* PhotoListRequestDTO.swift */; };
		1EA411DE2997C04D008C48D3 /* PhotoListResponseDTO.swift in Sources */ = {isa = PBXBuildFile; fileRef = 1EA411DD2997C04D008C48D3 /* PhotoListResponseDTO.swift */; };
		1EA411E02997DC84008C48D3 /* ViewModelType.swift in Sources */ = {isa = PBXBuildFile; fileRef = 1EA411DF2997DC84008C48D3 /* ViewModelType.swift */; };
		1EA411E3299811B2008C48D3 /* Kingfisher in Frameworks */ = {isa = PBXBuildFile; productRef = 1EA411E2299811B2008C48D3 /* Kingfisher */; };
		1EA411E52998B6B9008C48D3 /* MainView.swift in Sources */ = {isa = PBXBuildFile; fileRef = 1EA411E42998B6B9008C48D3 /* MainView.swift */; };
		1EA411E92998C495008C48D3 /* PhotoCell.swift in Sources */ = {isa = PBXBuildFile; fileRef = 1EA411E82998C495008C48D3 /* PhotoCell.swift */; };
		1EA411EB299BBF77008C48D3 /* Encodable+toDictionary.swift in Sources */ = {isa = PBXBuildFile; fileRef = 1EA411EA299BBF77008C48D3 /* Encodable+toDictionary.swift */; };
		1EA411ED299BC789008C48D3 /* PhotoSearchViewController.swift in Sources */ = {isa = PBXBuildFile; fileRef = 1EA411EC299BC789008C48D3 /* PhotoSearchViewController.swift */; };
		1EA411F2299C053C008C48D3 /* SearchCoordinator.swift in Sources */ = {isa = PBXBuildFile; fileRef = 1EA411F1299C053C008C48D3 /* SearchCoordinator.swift */; };
		1EA411FA299E6E9D008C48D3 /* PhotoSearchViewModelTests.swift in Sources */ = {isa = PBXBuildFile; fileRef = 1EA411F9299E6E9D008C48D3 /* PhotoSearchViewModelTests.swift */; };
		1EA41202299E6F8F008C48D3 /* RxCocoa in Frameworks */ = {isa = PBXBuildFile; productRef = 1EA41201299E6F8F008C48D3 /* RxCocoa */; };
		1EA41204299E70A2008C48D3 /* PhotoListViewModelTests.swift in Sources */ = {isa = PBXBuildFile; fileRef = 1EA41203299E70A2008C48D3 /* PhotoListViewModelTests.swift */; };
/* End PBXBuildFile section */

/* Begin PBXContainerItemProxy section */
		1EA411FB299E6E9D008C48D3 /* PBXContainerItemProxy */ = {
			isa = PBXContainerItemProxy;
			containerPortal = 1EA4116F29938532008C48D3 /* Project object */;
			proxyType = 1;
			remoteGlobalIDString = 1EA4117629938532008C48D3;
			remoteInfo = Unsplash_Project;
		};
/* End PBXContainerItemProxy section */

/* Begin PBXFileReference section */
		1EA4117729938532008C48D3 /* Unsplash_Project.app */ = {isa = PBXFileReference; explicitFileType = wrapper.application; includeInIndex = 0; path = Unsplash_Project.app; sourceTree = BUILT_PRODUCTS_DIR; };
		1EA4117A29938532008C48D3 /* AppDelegate.swift */ = {isa = PBXFileReference; lastKnownFileType = sourcecode.swift; path = AppDelegate.swift; sourceTree = "<group>"; };
		1EA4117C29938532008C48D3 /* SceneDelegate.swift */ = {isa = PBXFileReference; lastKnownFileType = sourcecode.swift; path = SceneDelegate.swift; sourceTree = "<group>"; };
		1EA4118329938534008C48D3 /* Assets.xcassets */ = {isa = PBXFileReference; lastKnownFileType = folder.assetcatalog; path = Assets.xcassets; sourceTree = "<group>"; };
		1EA4118629938534008C48D3 /* Base */ = {isa = PBXFileReference; lastKnownFileType = file.storyboard; name = Base; path = Base.lproj/LaunchScreen.storyboard; sourceTree = "<group>"; };
		1EA4118829938534008C48D3 /* Info.plist */ = {isa = PBXFileReference; lastKnownFileType = text.plist.xml; path = Info.plist; sourceTree = "<group>"; };
		1EA4118E299385E2008C48D3 /* .gitignore */ = {isa = PBXFileReference; lastKnownFileType = text; path = .gitignore; sourceTree = "<group>"; };
		1EA411912993877E008C48D3 /* .swiftlint.yml */ = {isa = PBXFileReference; lastKnownFileType = text.yaml; path = .swiftlint.yml; sourceTree = "<group>"; };
		1EA41194299389D9008C48D3 /* MainCoordinator.swift */ = {isa = PBXFileReference; lastKnownFileType = sourcecode.swift; path = MainCoordinator.swift; sourceTree = "<group>"; };
		1EA4119729939769008C48D3 /* MainViewController.swift */ = {isa = PBXFileReference; lastKnownFileType = sourcecode.swift; path = MainViewController.swift; sourceTree = "<group>"; };
		1EA4119B299397C6008C48D3 /* BaseViewController.swift */ = {isa = PBXFileReference; lastKnownFileType = sourcecode.swift; path = BaseViewController.swift; sourceTree = "<group>"; };
		1EA411A229939A04008C48D3 /* BaseView.swift */ = {isa = PBXFileReference; lastKnownFileType = sourcecode.swift; path = BaseView.swift; sourceTree = "<group>"; };
		1EA411B62993ADAF008C48D3 /* APIKey.swift */ = {isa = PBXFileReference; lastKnownFileType = sourcecode.swift; path = APIKey.swift; sourceTree = "<group>"; };
		1EA411BB2993B787008C48D3 /* PhotoSearchRequestDTO.swift */ = {isa = PBXFileReference; lastKnownFileType = sourcecode.swift; path = PhotoSearchRequestDTO.swift; sourceTree = "<group>"; };
		1EA411BE2994B368008C48D3 /* UnsplashService.swift */ = {isa = PBXFileReference; lastKnownFileType = sourcecode.swift; path = UnsplashService.swift; sourceTree = "<group>"; };
		1EA411C02994BF61008C48D3 /* NetworkError.swift */ = {isa = PBXFileReference; lastKnownFileType = sourcecode.swift; path = NetworkError.swift; sourceTree = "<group>"; };
		1EA411C629954AD4008C48D3 /* Photo.swift */ = {isa = PBXFileReference; lastKnownFileType = sourcecode.swift; path = Photo.swift; sourceTree = "<group>"; };
		1EA411C829954FF7008C48D3 /* URLPath.swift */ = {isa = PBXFileReference; lastKnownFileType = sourcecode.swift; path = URLPath.swift; sourceTree = "<group>"; };
		1EA411CA29955250008C48D3 /* PhotoSearchResponseDTO.swift */ = {isa = PBXFileReference; lastKnownFileType = sourcecode.swift; path = PhotoSearchResponseDTO.swift; sourceTree = "<group>"; };
		1EA411CC299557E2008C48D3 /* PhotoList.swift */ = {isa = PBXFileReference; lastKnownFileType = sourcecode.swift; path = PhotoList.swift; sourceTree = "<group>"; };
		1EA411D1299563A5008C48D3 /* PhotoSearchViewModel.swift */ = {isa = PBXFileReference; lastKnownFileType = sourcecode.swift; path = PhotoSearchViewModel.swift; sourceTree = "<group>"; };
		1EA411D62997B3B3008C48D3 /* PhotoListViewModel.swift */ = {isa = PBXFileReference; lastKnownFileType = sourcecode.swift; path = PhotoListViewModel.swift; sourceTree = "<group>"; };
		1EA411D82997B81C008C48D3 /* URLs.swift */ = {isa = PBXFileReference; lastKnownFileType = sourcecode.swift; path = URLs.swift; sourceTree = "<group>"; };
		1EA411DB2997C042008C48D3 /* PhotoListRequestDTO.swift */ = {isa = PBXFileReference; lastKnownFileType = sourcecode.swift; path = PhotoListRequestDTO.swift; sourceTree = "<group>"; };
		1EA411DD2997C04D008C48D3 /* PhotoListResponseDTO.swift */ = {isa = PBXFileReference; lastKnownFileType = sourcecode.swift; path = PhotoListResponseDTO.swift; sourceTree = "<group>"; };
		1EA411DF2997DC84008C48D3 /* ViewModelType.swift */ = {isa = PBXFileReference; lastKnownFileType = sourcecode.swift; path = ViewModelType.swift; sourceTree = "<group>"; };
		1EA411E42998B6B9008C48D3 /* MainView.swift */ = {isa = PBXFileReference; lastKnownFileType = sourcecode.swift; path = MainView.swift; sourceTree = "<group>"; };
		1EA411E82998C495008C48D3 /* PhotoCell.swift */ = {isa = PBXFileReference; lastKnownFileType = sourcecode.swift; path = PhotoCell.swift; sourceTree = "<group>"; };
		1EA411EA299BBF77008C48D3 /* Encodable+toDictionary.swift */ = {isa = PBXFileReference; lastKnownFileType = sourcecode.swift; path = "Encodable+toDictionary.swift"; sourceTree = "<group>"; };
		1EA411EC299BC789008C48D3 /* PhotoSearchViewController.swift */ = {isa = PBXFileReference; lastKnownFileType = sourcecode.swift; path = PhotoSearchViewController.swift; sourceTree = "<group>"; };
		1EA411F1299C053C008C48D3 /* SearchCoordinator.swift */ = {isa = PBXFileReference; lastKnownFileType = sourcecode.swift; path = SearchCoordinator.swift; sourceTree = "<group>"; };
		1EA411F7299E6E9D008C48D3 /* Unsplash_ProjectTests.xctest */ = {isa = PBXFileReference; explicitFileType = wrapper.cfbundle; includeInIndex = 0; path = Unsplash_ProjectTests.xctest; sourceTree = BUILT_PRODUCTS_DIR; };
		1EA411F9299E6E9D008C48D3 /* PhotoSearchViewModelTests.swift */ = {isa = PBXFileReference; lastKnownFileType = sourcecode.swift; path = PhotoSearchViewModelTests.swift; sourceTree = "<group>"; };
		1EA41203299E70A2008C48D3 /* PhotoListViewModelTests.swift */ = {isa = PBXFileReference; lastKnownFileType = sourcecode.swift; path = PhotoListViewModelTests.swift; sourceTree = "<group>"; };
/* End PBXFileReference section */

/* Begin PBXFrameworksBuildPhase section */
		1EA4117429938532008C48D3 /* Frameworks */ = {
			isa = PBXFrameworksBuildPhase;
			buildActionMask = 2147483647;
			files = (
				1EA411E3299811B2008C48D3 /* Kingfisher in Frameworks */,
				1EA411B12993A6B2008C48D3 /* Alamofire in Frameworks */,
				1EA411AB2993A691008C48D3 /* SnapKit in Frameworks */,
				1EA411A1299397DF008C48D3 /* RxSwift in Frameworks */,
				1EA4119F299397DF008C48D3 /* RxCocoa in Frameworks */,
				1EA411AE2993A69E008C48D3 /* Then in Frameworks */,
			);
			runOnlyForDeploymentPostprocessing = 0;
		};
		1EA411F4299E6E9D008C48D3 /* Frameworks */ = {
			isa = PBXFrameworksBuildPhase;
			buildActionMask = 2147483647;
			files = (
				1EA41202299E6F8F008C48D3 /* RxCocoa in Frameworks */,
			);
			runOnlyForDeploymentPostprocessing = 0;
		};
/* End PBXFrameworksBuildPhase section */

/* Begin PBXGroup section */
		1EA4116E29938532008C48D3 = {
			isa = PBXGroup;
			children = (
				1EA411912993877E008C48D3 /* .swiftlint.yml */,
				1EA4118E299385E2008C48D3 /* .gitignore */,
				1EA4117929938532008C48D3 /* Unsplash_Project */,
				1EA411F8299E6E9D008C48D3 /* Unsplash_ProjectTests */,
				1EA4117829938532008C48D3 /* Products */,
				1EA41200299E6F8F008C48D3 /* Frameworks */,
			);
			sourceTree = "<group>";
		};
		1EA4117829938532008C48D3 /* Products */ = {
			isa = PBXGroup;
			children = (
				1EA4117729938532008C48D3 /* Unsplash_Project.app */,
				1EA411F7299E6E9D008C48D3 /* Unsplash_ProjectTests.xctest */,
			);
			name = Products;
			sourceTree = "<group>";
		};
		1EA4117929938532008C48D3 /* Unsplash_Project */ = {
			isa = PBXGroup;
			children = (
				1EA411C529954AC8008C48D3 /* Model */,
				1EA411B82993AED5008C48D3 /* Network */,
				1EA411B52993AD9C008C48D3 /* Key */,
				1EA411992993979B008C48D3 /* Core */,
				1EA411962993973C008C48D3 /* Presentation */,
				1EA4119329938873008C48D3 /* Application */,
				1EA4118329938534008C48D3 /* Assets.xcassets */,
				1EA4118529938534008C48D3 /* LaunchScreen.storyboard */,
				1EA4118829938534008C48D3 /* Info.plist */,
			);
			path = Unsplash_Project;
			sourceTree = "<group>";
		};
		1EA4119329938873008C48D3 /* Application */ = {
			isa = PBXGroup;
			children = (
				1EA4117A29938532008C48D3 /* AppDelegate.swift */,
				1EA4117C29938532008C48D3 /* SceneDelegate.swift */,
			);
			path = Application;
			sourceTree = "<group>";
		};
		1EA411962993973C008C48D3 /* Presentation */ = {
			isa = PBXGroup;
			children = (
				1EA411D32997B380008C48D3 /* PhotoMain */,
				1EA411CE2995637F008C48D3 /* PhotoSearch */,
			);
			path = Presentation;
			sourceTree = "<group>";
		};
		1EA411992993979B008C48D3 /* Core */ = {
			isa = PBXGroup;
			children = (
				1EA411EE299BF87D008C48D3 /* Coordinator */,
				1EA411DF2997DC84008C48D3 /* ViewModelType.swift */,
				1EA4119A299397A5008C48D3 /* CustomView */,
			);
			path = Core;
			sourceTree = "<group>";
		};
		1EA4119A299397A5008C48D3 /* CustomView */ = {
			isa = PBXGroup;
			children = (
				1EA4119B299397C6008C48D3 /* BaseViewController.swift */,
				1EA411A229939A04008C48D3 /* BaseView.swift */,
				1EA411E82998C495008C48D3 /* PhotoCell.swift */,
			);
			path = CustomView;
			sourceTree = "<group>";
		};
		1EA411B52993AD9C008C48D3 /* Key */ = {
			isa = PBXGroup;
			children = (
				1EA411B62993ADAF008C48D3 /* APIKey.swift */,
			);
			path = Key;
			sourceTree = "<group>";
		};
		1EA411B82993AED5008C48D3 /* Network */ = {
			isa = PBXGroup;
			children = (
				1EA411BD2994B351008C48D3 /* Service */,
				1EA411B92993B393008C48D3 /* DTO */,
				1EA411C02994BF61008C48D3 /* NetworkError.swift */,
				1EA411C829954FF7008C48D3 /* URLPath.swift */,
				1EA411EA299BBF77008C48D3 /* Encodable+toDictionary.swift */,
			);
			path = Network;
			sourceTree = "<group>";
		};
		1EA411B92993B393008C48D3 /* DTO */ = {
			isa = PBXGroup;
			children = (
				1EA411DA2997C030008C48D3 /* PhotoList */,
				1EA411BA2993B772008C48D3 /* PhotoSearch */,
			);
			path = DTO;
			sourceTree = "<group>";
		};
		1EA411BA2993B772008C48D3 /* PhotoSearch */ = {
			isa = PBXGroup;
			children = (
				1EA411BB2993B787008C48D3 /* PhotoSearchRequestDTO.swift */,
				1EA411CA29955250008C48D3 /* PhotoSearchResponseDTO.swift */,
			);
			path = PhotoSearch;
			sourceTree = "<group>";
		};
		1EA411BD2994B351008C48D3 /* Service */ = {
			isa = PBXGroup;
			children = (
				1EA411BE2994B368008C48D3 /* UnsplashService.swift */,
			);
			path = Service;
			sourceTree = "<group>";
		};
		1EA411C529954AC8008C48D3 /* Model */ = {
			isa = PBXGroup;
			children = (
				1EA411C629954AD4008C48D3 /* Photo.swift */,
				1EA411CC299557E2008C48D3 /* PhotoList.swift */,
				1EA411D82997B81C008C48D3 /* URLs.swift */,
			);
			path = Model;
			sourceTree = "<group>";
		};
		1EA411CE2995637F008C48D3 /* PhotoSearch */ = {
			isa = PBXGroup;
			children = (
				1EA411D02995638B008C48D3 /* ViewModel */,
				1EA411CF29956387008C48D3 /* View */,
				1EA411EC299BC789008C48D3 /* PhotoSearchViewController.swift */,
			);
			path = PhotoSearch;
			sourceTree = "<group>";
		};
		1EA411CF29956387008C48D3 /* View */ = {
			isa = PBXGroup;
			children = (
			);
			path = View;
			sourceTree = "<group>";
		};
		1EA411D02995638B008C48D3 /* ViewModel */ = {
			isa = PBXGroup;
			children = (
				1EA411D1299563A5008C48D3 /* PhotoSearchViewModel.swift */,
			);
			path = ViewModel;
			sourceTree = "<group>";
		};
		1EA411D32997B380008C48D3 /* PhotoMain */ = {
			isa = PBXGroup;
			children = (
				1EA4119729939769008C48D3 /* MainViewController.swift */,
				1EA411D52997B39C008C48D3 /* View */,
				1EA411D42997B395008C48D3 /* ViewModel */,
			);
			path = PhotoMain;
			sourceTree = "<group>";
		};
		1EA411D42997B395008C48D3 /* ViewModel */ = {
			isa = PBXGroup;
			children = (
				1EA411D62997B3B3008C48D3 /* PhotoListViewModel.swift */,
			);
			path = ViewModel;
			sourceTree = "<group>";
		};
		1EA411D52997B39C008C48D3 /* View */ = {
			isa = PBXGroup;
			children = (
				1EA411E42998B6B9008C48D3 /* MainView.swift */,
			);
			path = View;
			sourceTree = "<group>";
		};
		1EA411DA2997C030008C48D3 /* PhotoList */ = {
			isa = PBXGroup;
			children = (
				1EA411DB2997C042008C48D3 /* PhotoListRequestDTO.swift */,
				1EA411DD2997C04D008C48D3 /* PhotoListResponseDTO.swift */,
			);
			path = PhotoList;
			sourceTree = "<group>";
		};
		1EA411EE299BF87D008C48D3 /* Coordinator */ = {
			isa = PBXGroup;
			children = (
				1EA41194299389D9008C48D3 /* MainCoordinator.swift */,
				1EA411F1299C053C008C48D3 /* SearchCoordinator.swift */,
			);
			path = Coordinator;
			sourceTree = "<group>";
		};
		1EA411F8299E6E9D008C48D3 /* Unsplash_ProjectTests */ = {
			isa = PBXGroup;
			children = (
				1EA411F9299E6E9D008C48D3 /* PhotoSearchViewModelTests.swift */,
				1EA41203299E70A2008C48D3 /* PhotoListViewModelTests.swift */,
			);
			path = Unsplash_ProjectTests;
			sourceTree = "<group>";
		};
		1EA41200299E6F8F008C48D3 /* Frameworks */ = {
			isa = PBXGroup;
			children = (
			);
			name = Frameworks;
			sourceTree = "<group>";
		};
/* End PBXGroup section */

/* Begin PBXNativeTarget section */
		1EA4117629938532008C48D3 /* Unsplash_Project */ = {
			isa = PBXNativeTarget;
			buildConfigurationList = 1EA4118B29938534008C48D3 /* Build configuration list for PBXNativeTarget "Unsplash_Project" */;
			buildPhases = (
				1EA4119029938719008C48D3 /* SwiftLint Script */,
				1EA4117329938532008C48D3 /* Sources */,
				1EA4117429938532008C48D3 /* Frameworks */,
				1EA4117529938532008C48D3 /* Resources */,
			);
			buildRules = (
			);
			dependencies = (
			);
			name = Unsplash_Project;
			packageProductDependencies = (
				1EA4119E299397DF008C48D3 /* RxCocoa */,
				1EA411A0299397DF008C48D3 /* RxSwift */,
				1EA411AA2993A691008C48D3 /* SnapKit */,
				1EA411AD2993A69E008C48D3 /* Then */,
				1EA411B02993A6B2008C48D3 /* Alamofire */,
				1EA411E2299811B2008C48D3 /* Kingfisher */,
			);
			productName = Unsplash_Project;
			productReference = 1EA4117729938532008C48D3 /* Unsplash_Project.app */;
			productType = "com.apple.product-type.application";
		};
		1EA411F6299E6E9D008C48D3 /* Unsplash_ProjectTests */ = {
			isa = PBXNativeTarget;
			buildConfigurationList = 1EA411FF299E6E9D008C48D3 /* Build configuration list for PBXNativeTarget "Unsplash_ProjectTests" */;
			buildPhases = (
				1EA411F3299E6E9D008C48D3 /* Sources */,
				1EA411F4299E6E9D008C48D3 /* Frameworks */,
				1EA411F5299E6E9D008C48D3 /* Resources */,
			);
			buildRules = (
			);
			dependencies = (
				1EA411FC299E6E9D008C48D3 /* PBXTargetDependency */,
			);
			name = Unsplash_ProjectTests;
			packageProductDependencies = (
				1EA41201299E6F8F008C48D3 /* RxCocoa */,
			);
			productName = Unsplash_ProjectTests;
			productReference = 1EA411F7299E6E9D008C48D3 /* Unsplash_ProjectTests.xctest */;
			productType = "com.apple.product-type.bundle.unit-test";
		};
/* End PBXNativeTarget section */

/* Begin PBXProject section */
		1EA4116F29938532008C48D3 /* Project object */ = {
			isa = PBXProject;
			attributes = {
				BuildIndependentTargetsInParallel = 1;
				LastSwiftUpdateCheck = 1420;
				LastUpgradeCheck = 1420;
				TargetAttributes = {
					1EA4117629938532008C48D3 = {
						CreatedOnToolsVersion = 14.2;
					};
					1EA411F6299E6E9D008C48D3 = {
						CreatedOnToolsVersion = 14.2;
						TestTargetID = 1EA4117629938532008C48D3;
					};
				};
			};
			buildConfigurationList = 1EA4117229938532008C48D3 /* Build configuration list for PBXProject "Unsplash_Project" */;
			compatibilityVersion = "Xcode 14.0";
			developmentRegion = en;
			hasScannedForEncodings = 0;
			knownRegions = (
				en,
				Base,
			);
			mainGroup = 1EA4116E29938532008C48D3;
			packageReferences = (
				1EA4119D299397DF008C48D3 /* XCRemoteSwiftPackageReference "RxSwift" */,
				1EA411A92993A691008C48D3 /* XCRemoteSwiftPackageReference "SnapKit" */,
				1EA411AC2993A69E008C48D3 /* XCRemoteSwiftPackageReference "Then" */,
				1EA411AF2993A6B2008C48D3 /* XCRemoteSwiftPackageReference "Alamofire" */,
				1EA411E1299811B2008C48D3 /* XCRemoteSwiftPackageReference "Kingfisher" */,
			);
			productRefGroup = 1EA4117829938532008C48D3 /* Products */;
			projectDirPath = "";
			projectRoot = "";
			targets = (
				1EA4117629938532008C48D3 /* Unsplash_Project */,
				1EA411F6299E6E9D008C48D3 /* Unsplash_ProjectTests */,
			);
		};
/* End PBXProject section */

/* Begin PBXResourcesBuildPhase section */
		1EA4117529938532008C48D3 /* Resources */ = {
			isa = PBXResourcesBuildPhase;
			buildActionMask = 2147483647;
			files = (
				1EA411922993877E008C48D3 /* .swiftlint.yml in Resources */,
				1EA4118F299385E2008C48D3 /* .gitignore in Resources */,
				1EA4118729938534008C48D3 /* LaunchScreen.storyboard in Resources */,
				1EA4118429938534008C48D3 /* Assets.xcassets in Resources */,
			);
			runOnlyForDeploymentPostprocessing = 0;
		};
		1EA411F5299E6E9D008C48D3 /* Resources */ = {
			isa = PBXResourcesBuildPhase;
			buildActionMask = 2147483647;
			files = (
			);
			runOnlyForDeploymentPostprocessing = 0;
		};
/* End PBXResourcesBuildPhase section */

/* Begin PBXShellScriptBuildPhase section */
		1EA4119029938719008C48D3 /* SwiftLint Script */ = {
			isa = PBXShellScriptBuildPhase;
			buildActionMask = 2147483647;
			files = (
			);
			inputFileListPaths = (
			);
			inputPaths = (
			);
			name = "SwiftLint Script";
			outputFileListPaths = (
			);
			outputPaths = (
			);
			runOnlyForDeploymentPostprocessing = 0;
			shellPath = /bin/sh;
			shellScript = "if test -d \"/opt/homebrew/bin/\"; then\n  PATH=\"/opt/homebrew/bin/:${PATH}\"\nfi\n\nexport PATH\n\nif which swiftlint >/dev/null; then\n  swiftlint\nelse\n  echo \"warning: SwiftLint not installed, download from https://github.com/realm/SwiftLint\"\nfi\n";
		};
/* End PBXShellScriptBuildPhase section */

/* Begin PBXSourcesBuildPhase section */
		1EA4117329938532008C48D3 /* Sources */ = {
			isa = PBXSourcesBuildPhase;
			buildActionMask = 2147483647;
			files = (
				1EA411C729954AD4008C48D3 /* Photo.swift in Sources */,
				1EA411D2299563A5008C48D3 /* PhotoSearchViewModel.swift in Sources */,
				1EA411BF2994B368008C48D3 /* UnsplashService.swift in Sources */,
				1EA411E92998C495008C48D3 /* PhotoCell.swift in Sources */,
				1EA411ED299BC789008C48D3 /* PhotoSearchViewController.swift in Sources */,
				1EA41195299389D9008C48D3 /* MainCoordinator.swift in Sources */,
				1EA411B72993ADAF008C48D3 /* APIKey.swift in Sources */,
				1EA4117B29938532008C48D3 /* AppDelegate.swift in Sources */,
				1EA411E52998B6B9008C48D3 /* MainView.swift in Sources */,
				1EA411CD299557E2008C48D3 /* PhotoList.swift in Sources */,
				1EA4117D29938532008C48D3 /* SceneDelegate.swift in Sources */,
				1EA411DE2997C04D008C48D3 /* PhotoListResponseDTO.swift in Sources */,
				1EA411D92997B81C008C48D3 /* URLs.swift in Sources */,
				1EA411F2299C053C008C48D3 /* SearchCoordinator.swift in Sources */,
				1EA411CB29955250008C48D3 /* PhotoSearchResponseDTO.swift in Sources */,
				1EA411A329939A04008C48D3 /* BaseView.swift in Sources */,
				1EA411BC2993B787008C48D3 /* PhotoSearchRequestDTO.swift in Sources */,
				1EA411EB299BBF77008C48D3 /* Encodable+toDictionary.swift in Sources */,
				1EA4119829939769008C48D3 /* MainViewController.swift in Sources */,
				1EA411DC2997C042008C48D3 /* PhotoListRequestDTO.swift in Sources */,
				1EA411C929954FF7008C48D3 /* URLPath.swift in Sources */,
				1EA411C12994BF61008C48D3 /* NetworkError.swift in Sources */,
				1EA411D72997B3B3008C48D3 /* PhotoListViewModel.swift in Sources */,
				1EA4119C299397C6008C48D3 /* BaseViewController.swift in Sources */,
				1EA411E02997DC84008C48D3 /* ViewModelType.swift in Sources */,
			);
			runOnlyForDeploymentPostprocessing = 0;
		};
		1EA411F3299E6E9D008C48D3 /* Sources */ = {
			isa = PBXSourcesBuildPhase;
			buildActionMask = 2147483647;
			files = (
				1EA411FA299E6E9D008C48D3 /* PhotoSearchViewModelTests.swift in Sources */,
				1EA41204299E70A2008C48D3 /* PhotoListViewModelTests.swift in Sources */,
			);
			runOnlyForDeploymentPostprocessing = 0;
		};
/* End PBXSourcesBuildPhase section */

/* Begin PBXTargetDependency section */
		1EA411FC299E6E9D008C48D3 /* PBXTargetDependency */ = {
			isa = PBXTargetDependency;
			target = 1EA4117629938532008C48D3 /* Unsplash_Project */;
			targetProxy = 1EA411FB299E6E9D008C48D3 /* PBXContainerItemProxy */;
		};
/* End PBXTargetDependency section */

/* Begin PBXVariantGroup section */
		1EA4118529938534008C48D3 /* LaunchScreen.storyboard */ = {
			isa = PBXVariantGroup;
			children = (
				1EA4118629938534008C48D3 /* Base */,
			);
			name = LaunchScreen.storyboard;
			sourceTree = "<group>";
		};
/* End PBXVariantGroup section */

/* Begin XCBuildConfiguration section */
		1EA4118929938534008C48D3 /* Debug */ = {
			isa = XCBuildConfiguration;
			buildSettings = {
				ALWAYS_SEARCH_USER_PATHS = NO;
				CLANG_ANALYZER_NONNULL = YES;
				CLANG_ANALYZER_NUMBER_OBJECT_CONVERSION = YES_AGGRESSIVE;
				CLANG_CXX_LANGUAGE_STANDARD = "gnu++20";
				CLANG_ENABLE_MODULES = YES;
				CLANG_ENABLE_OBJC_ARC = YES;
				CLANG_ENABLE_OBJC_WEAK = YES;
				CLANG_WARN_BLOCK_CAPTURE_AUTORELEASING = YES;
				CLANG_WARN_BOOL_CONVERSION = YES;
				CLANG_WARN_COMMA = YES;
				CLANG_WARN_CONSTANT_CONVERSION = YES;
				CLANG_WARN_DEPRECATED_OBJC_IMPLEMENTATIONS = YES;
				CLANG_WARN_DIRECT_OBJC_ISA_USAGE = YES_ERROR;
				CLANG_WARN_DOCUMENTATION_COMMENTS = YES;
				CLANG_WARN_EMPTY_BODY = YES;
				CLANG_WARN_ENUM_CONVERSION = YES;
				CLANG_WARN_INFINITE_RECURSION = YES;
				CLANG_WARN_INT_CONVERSION = YES;
				CLANG_WARN_NON_LITERAL_NULL_CONVERSION = YES;
				CLANG_WARN_OBJC_IMPLICIT_RETAIN_SELF = YES;
				CLANG_WARN_OBJC_LITERAL_CONVERSION = YES;
				CLANG_WARN_OBJC_ROOT_CLASS = YES_ERROR;
				CLANG_WARN_QUOTED_INCLUDE_IN_FRAMEWORK_HEADER = YES;
				CLANG_WARN_RANGE_LOOP_ANALYSIS = YES;
				CLANG_WARN_STRICT_PROTOTYPES = YES;
				CLANG_WARN_SUSPICIOUS_MOVE = YES;
				CLANG_WARN_UNGUARDED_AVAILABILITY = YES_AGGRESSIVE;
				CLANG_WARN_UNREACHABLE_CODE = YES;
				CLANG_WARN__DUPLICATE_METHOD_MATCH = YES;
				COPY_PHASE_STRIP = NO;
				DEBUG_INFORMATION_FORMAT = dwarf;
				ENABLE_STRICT_OBJC_MSGSEND = YES;
				ENABLE_TESTABILITY = YES;
				GCC_C_LANGUAGE_STANDARD = gnu11;
				GCC_DYNAMIC_NO_PIC = NO;
				GCC_NO_COMMON_BLOCKS = YES;
				GCC_OPTIMIZATION_LEVEL = 0;
				GCC_PREPROCESSOR_DEFINITIONS = (
					"DEBUG=1",
					"$(inherited)",
				);
				GCC_WARN_64_TO_32_BIT_CONVERSION = YES;
				GCC_WARN_ABOUT_RETURN_TYPE = YES_ERROR;
				GCC_WARN_UNDECLARED_SELECTOR = YES;
				GCC_WARN_UNINITIALIZED_AUTOS = YES_AGGRESSIVE;
				GCC_WARN_UNUSED_FUNCTION = YES;
				GCC_WARN_UNUSED_VARIABLE = YES;
				IPHONEOS_DEPLOYMENT_TARGET = 16.2;
				MTL_ENABLE_DEBUG_INFO = INCLUDE_SOURCE;
				MTL_FAST_MATH = YES;
				ONLY_ACTIVE_ARCH = YES;
				SDKROOT = iphoneos;
				SWIFT_ACTIVE_COMPILATION_CONDITIONS = DEBUG;
				SWIFT_OPTIMIZATION_LEVEL = "-Onone";
			};
			name = Debug;
		};
		1EA4118A29938534008C48D3 /* Release */ = {
			isa = XCBuildConfiguration;
			buildSettings = {
				ALWAYS_SEARCH_USER_PATHS = NO;
				CLANG_ANALYZER_NONNULL = YES;
				CLANG_ANALYZER_NUMBER_OBJECT_CONVERSION = YES_AGGRESSIVE;
				CLANG_CXX_LANGUAGE_STANDARD = "gnu++20";
				CLANG_ENABLE_MODULES = YES;
				CLANG_ENABLE_OBJC_ARC = YES;
				CLANG_ENABLE_OBJC_WEAK = YES;
				CLANG_WARN_BLOCK_CAPTURE_AUTORELEASING = YES;
				CLANG_WARN_BOOL_CONVERSION = YES;
				CLANG_WARN_COMMA = YES;
				CLANG_WARN_CONSTANT_CONVERSION = YES;
				CLANG_WARN_DEPRECATED_OBJC_IMPLEMENTATIONS = YES;
				CLANG_WARN_DIRECT_OBJC_ISA_USAGE = YES_ERROR;
				CLANG_WARN_DOCUMENTATION_COMMENTS = YES;
				CLANG_WARN_EMPTY_BODY = YES;
				CLANG_WARN_ENUM_CONVERSION = YES;
				CLANG_WARN_INFINITE_RECURSION = YES;
				CLANG_WARN_INT_CONVERSION = YES;
				CLANG_WARN_NON_LITERAL_NULL_CONVERSION = YES;
				CLANG_WARN_OBJC_IMPLICIT_RETAIN_SELF = YES;
				CLANG_WARN_OBJC_LITERAL_CONVERSION = YES;
				CLANG_WARN_OBJC_ROOT_CLASS = YES_ERROR;
				CLANG_WARN_QUOTED_INCLUDE_IN_FRAMEWORK_HEADER = YES;
				CLANG_WARN_RANGE_LOOP_ANALYSIS = YES;
				CLANG_WARN_STRICT_PROTOTYPES = YES;
				CLANG_WARN_SUSPICIOUS_MOVE = YES;
				CLANG_WARN_UNGUARDED_AVAILABILITY = YES_AGGRESSIVE;
				CLANG_WARN_UNREACHABLE_CODE = YES;
				CLANG_WARN__DUPLICATE_METHOD_MATCH = YES;
				COPY_PHASE_STRIP = NO;
				DEBUG_INFORMATION_FORMAT = "dwarf-with-dsym";
				ENABLE_NS_ASSERTIONS = NO;
				ENABLE_STRICT_OBJC_MSGSEND = YES;
				GCC_C_LANGUAGE_STANDARD = gnu11;
				GCC_NO_COMMON_BLOCKS = YES;
				GCC_WARN_64_TO_32_BIT_CONVERSION = YES;
				GCC_WARN_ABOUT_RETURN_TYPE = YES_ERROR;
				GCC_WARN_UNDECLARED_SELECTOR = YES;
				GCC_WARN_UNINITIALIZED_AUTOS = YES_AGGRESSIVE;
				GCC_WARN_UNUSED_FUNCTION = YES;
				GCC_WARN_UNUSED_VARIABLE = YES;
				IPHONEOS_DEPLOYMENT_TARGET = 16.2;
				MTL_ENABLE_DEBUG_INFO = NO;
				MTL_FAST_MATH = YES;
				SDKROOT = iphoneos;
				SWIFT_COMPILATION_MODE = wholemodule;
				SWIFT_OPTIMIZATION_LEVEL = "-O";
				VALIDATE_PRODUCT = YES;
			};
			name = Release;
		};
		1EA4118C29938534008C48D3 /* Debug */ = {
			isa = XCBuildConfiguration;
			buildSettings = {
				ASSETCATALOG_COMPILER_APPICON_NAME = AppIcon;
				ASSETCATALOG_COMPILER_GLOBAL_ACCENT_COLOR_NAME = AccentColor;
				CODE_SIGN_STYLE = Automatic;
				CURRENT_PROJECT_VERSION = 1;
				DEVELOPMENT_TEAM = AFMSUTLF6S;
				GENERATE_INFOPLIST_FILE = YES;
				INFOPLIST_FILE = Unsplash_Project/Info.plist;
				INFOPLIST_KEY_UIApplicationSupportsIndirectInputEvents = YES;
				INFOPLIST_KEY_UILaunchStoryboardName = LaunchScreen;
				INFOPLIST_KEY_UISupportedInterfaceOrientations_iPad = "UIInterfaceOrientationPortrait UIInterfaceOrientationPortraitUpsideDown UIInterfaceOrientationLandscapeLeft UIInterfaceOrientationLandscapeRight";
				INFOPLIST_KEY_UISupportedInterfaceOrientations_iPhone = "UIInterfaceOrientationPortrait UIInterfaceOrientationLandscapeLeft UIInterfaceOrientationLandscapeRight";
				LD_RUNPATH_SEARCH_PATHS = (
					"$(inherited)",
					"@executable_path/Frameworks",
				);
				MARKETING_VERSION = 1.0;
				PRODUCT_BUNDLE_IDENTIFIER = "com.sesac.Unsplash-Project";
				PRODUCT_NAME = "$(TARGET_NAME)";
				SWIFT_EMIT_LOC_STRINGS = YES;
				SWIFT_VERSION = 5.0;
				TARGETED_DEVICE_FAMILY = "1,2";
			};
			name = Debug;
		};
		1EA4118D29938534008C48D3 /* Release */ = {
			isa = XCBuildConfiguration;
			buildSettings = {
				ASSETCATALOG_COMPILER_APPICON_NAME = AppIcon;
				ASSETCATALOG_COMPILER_GLOBAL_ACCENT_COLOR_NAME = AccentColor;
				CODE_SIGN_STYLE = Automatic;
				CURRENT_PROJECT_VERSION = 1;
				DEVELOPMENT_TEAM = AFMSUTLF6S;
				GENERATE_INFOPLIST_FILE = YES;
				INFOPLIST_FILE = Unsplash_Project/Info.plist;
				INFOPLIST_KEY_UIApplicationSupportsIndirectInputEvents = YES;
				INFOPLIST_KEY_UILaunchStoryboardName = LaunchScreen;
				INFOPLIST_KEY_UISupportedInterfaceOrientations_iPad = "UIInterfaceOrientationPortrait UIInterfaceOrientationPortraitUpsideDown UIInterfaceOrientationLandscapeLeft UIInterfaceOrientationLandscapeRight";
				INFOPLIST_KEY_UISupportedInterfaceOrientations_iPhone = "UIInterfaceOrientationPortrait UIInterfaceOrientationLandscapeLeft UIInterfaceOrientationLandscapeRight";
				LD_RUNPATH_SEARCH_PATHS = (
					"$(inherited)",
					"@executable_path/Frameworks",
				);
				MARKETING_VERSION = 1.0;
				PRODUCT_BUNDLE_IDENTIFIER = "com.sesac.Unsplash-Project";
				PRODUCT_NAME = "$(TARGET_NAME)";
				SWIFT_EMIT_LOC_STRINGS = YES;
				SWIFT_VERSION = 5.0;
				TARGETED_DEVICE_FAMILY = "1,2";
			};
			name = Release;
		};
		1EA411FD299E6E9D008C48D3 /* Debug */ = {
			isa = XCBuildConfiguration;
			buildSettings = {
				BUNDLE_LOADER = "$(TEST_HOST)";
				CODE_SIGN_STYLE = Automatic;
				CURRENT_PROJECT_VERSION = 1;
				DEVELOPMENT_TEAM = AFMSUTLF6S;
				GENERATE_INFOPLIST_FILE = YES;
				MARKETING_VERSION = 1.0;
				PRODUCT_BUNDLE_IDENTIFIER = "com.sesac.Unsplash-ProjectTests";
				PRODUCT_NAME = "$(TARGET_NAME)";
				SWIFT_EMIT_LOC_STRINGS = NO;
				SWIFT_VERSION = 5.0;
				TARGETED_DEVICE_FAMILY = "1,2";
				TEST_HOST = "$(BUILT_PRODUCTS_DIR)/Unsplash_Project.app/$(BUNDLE_EXECUTABLE_FOLDER_PATH)/Unsplash_Project";
			};
			name = Debug;
		};
		1EA411FE299E6E9D008C48D3 /* Release */ = {
			isa = XCBuildConfiguration;
			buildSettings = {
				BUNDLE_LOADER = "$(TEST_HOST)";
				CODE_SIGN_STYLE = Automatic;
				CURRENT_PROJECT_VERSION = 1;
				DEVELOPMENT_TEAM = AFMSUTLF6S;
				GENERATE_INFOPLIST_FILE = YES;
				MARKETING_VERSION = 1.0;
				PRODUCT_BUNDLE_IDENTIFIER = "com.sesac.Unsplash-ProjectTests";
				PRODUCT_NAME = "$(TARGET_NAME)";
				SWIFT_EMIT_LOC_STRINGS = NO;
				SWIFT_VERSION = 5.0;
				TARGETED_DEVICE_FAMILY = "1,2";
				TEST_HOST = "$(BUILT_PRODUCTS_DIR)/Unsplash_Project.app/$(BUNDLE_EXECUTABLE_FOLDER_PATH)/Unsplash_Project";
			};
			name = Release;
		};
/* End XCBuildConfiguration section */

/* Begin XCConfigurationList section */
		1EA4117229938532008C48D3 /* Build configuration list for PBXProject "Unsplash_Project" */ = {
			isa = XCConfigurationList;
			buildConfigurations = (
				1EA4118929938534008C48D3 /* Debug */,
				1EA4118A29938534008C48D3 /* Release */,
			);
			defaultConfigurationIsVisible = 0;
			defaultConfigurationName = Release;
		};
		1EA4118B29938534008C48D3 /* Build configuration list for PBXNativeTarget "Unsplash_Project" */ = {
			isa = XCConfigurationList;
			buildConfigurations = (
				1EA4118C29938534008C48D3 /* Debug */,
				1EA4118D29938534008C48D3 /* Release */,
			);
			defaultConfigurationIsVisible = 0;
			defaultConfigurationName = Release;
		};
		1EA411FF299E6E9D008C48D3 /* Build configuration list for PBXNativeTarget "Unsplash_ProjectTests" */ = {
			isa = XCConfigurationList;
			buildConfigurations = (
				1EA411FD299E6E9D008C48D3 /* Debug */,
				1EA411FE299E6E9D008C48D3 /* Release */,
			);
			defaultConfigurationIsVisible = 0;
			defaultConfigurationName = Release;
		};
/* End XCConfigurationList section */

/* Begin XCRemoteSwiftPackageReference section */
		1EA4119D299397DF008C48D3 /* XCRemoteSwiftPackageReference "RxSwift" */ = {
			isa = XCRemoteSwiftPackageReference;
			repositoryURL = "https://github.com/ReactiveX/RxSwift.git";
			requirement = {
				kind = exactVersion;
				version = 6.5.0;
			};
		};
		1EA411A92993A691008C48D3 /* XCRemoteSwiftPackageReference "SnapKit" */ = {
			isa = XCRemoteSwiftPackageReference;
			repositoryURL = "https://github.com/SnapKit/SnapKit.git";
			requirement = {
				kind = exactVersion;
				version = 5.6.0;
			};
		};
		1EA411AC2993A69E008C48D3 /* XCRemoteSwiftPackageReference "Then" */ = {
			isa = XCRemoteSwiftPackageReference;
			repositoryURL = "https://github.com/devxoul/Then.git";
			requirement = {
				kind = exactVersion;
				version = 3.0.0;
			};
		};
		1EA411AF2993A6B2008C48D3 /* XCRemoteSwiftPackageReference "Alamofire" */ = {
			isa = XCRemoteSwiftPackageReference;
			repositoryURL = "https://github.com/Alamofire/Alamofire.git";
			requirement = {
				kind = exactVersion;
				version = 5.6.4;
			};
		};
		1EA411E1299811B2008C48D3 /* XCRemoteSwiftPackageReference "Kingfisher" */ = {
			isa = XCRemoteSwiftPackageReference;
			repositoryURL = "https://github.com/onevcat/Kingfisher.git";
			requirement = {
				kind = exactVersion;
				version = 7.6.0;
			};
		};
/* End XCRemoteSwiftPackageReference section */

/* Begin XCSwiftPackageProductDependency section */
		1EA4119E299397DF008C48D3 /* RxCocoa */ = {
			isa = XCSwiftPackageProductDependency;
			package = 1EA4119D299397DF008C48D3 /* XCRemoteSwiftPackageReference "RxSwift" */;
			productName = RxCocoa;
		};
		1EA411A0299397DF008C48D3 /* RxSwift */ = {
			isa = XCSwiftPackageProductDependency;
			package = 1EA4119D299397DF008C48D3 /* XCRemoteSwiftPackageReference "RxSwift" */;
			productName = RxSwift;
		};
		1EA411AA2993A691008C48D3 /* SnapKit */ = {
			isa = XCSwiftPackageProductDependency;
			package = 1EA411A92993A691008C48D3 /* XCRemoteSwiftPackageReference "SnapKit" */;
			productName = SnapKit;
		};
		1EA411AD2993A69E008C48D3 /* Then */ = {
			isa = XCSwiftPackageProductDependency;
			package = 1EA411AC2993A69E008C48D3 /* XCRemoteSwiftPackageReference "Then" */;
			productName = Then;
		};
		1EA411B02993A6B2008C48D3 /* Alamofire */ = {
			isa = XCSwiftPackageProductDependency;
			package = 1EA411AF2993A6B2008C48D3 /* XCRemoteSwiftPackageReference "Alamofire" */;
			productName = Alamofire;
		};
		1EA411E2299811B2008C48D3 /* Kingfisher */ = {
			isa = XCSwiftPackageProductDependency;
			package = 1EA411E1299811B2008C48D3 /* XCRemoteSwiftPackageReference "Kingfisher" */;
			productName = Kingfisher;
		};
		1EA41201299E6F8F008C48D3 /* RxCocoa */ = {
			isa = XCSwiftPackageProductDependency;
			package = 1EA4119D299397DF008C48D3 /* XCRemoteSwiftPackageReference "RxSwift" */;
			productName = RxCocoa;
		};
/* End XCSwiftPackageProductDependency section */
	};
	rootObject = 1EA4116F29938532008C48D3 /* Project object */;
}
